
Microsoft Visual Studio Solution File, Format Version 12.00
# Visual Studio Version 17
VisualStudioVersion = 17.2.32630.192
MinimumVisualStudioVersion = 10.0.40219.1
Project("{FAE04EC0-301F-11D3-BF4B-00C04F79EFBC}") = "project", "project\project.csproj", "{28C4B9A6-D04A-4ECF-A3E9-CFD3D0FA9143}"
EndProject
Global
	GlobalSection(SolutionConfigurationPlatforms) = preSolution
		Debug|Any CPU = Debug|Any CPU
		Release|Any CPU = Release|Any CPU
	EndGlobalSection
	GlobalSection(ProjectConfigurationPlatforms) = postSolution
		{28C4B9A6-D04A-4ECF-A3E9-CFD3D0FA9143}.Debug|Any CPU.ActiveCfg = Debug|Any CPU
		{28C4B9A6-D04A-4ECF-A3E9-CFD3D0FA9143}.Debug|Any CPU.Build.0 = Debug|Any CPU
		{28C4B9A6-D04A-4ECF-A3E9-CFD3D0FA9143}.Release|Any CPU.ActiveCfg = Release|Any CPU
		{28C4B9A6-D04A-4ECF-A3E9-CFD3D0FA9143}.Release|Any CPU.Build.0 = Release|Any CPU
	EndGlobalSection
	GlobalSection(SolutionProperties) = preSolution
		HideSolutionNode = FALSE
	EndGlobalSection
	GlobalSection(ExtensibilityGlobals) = postSolution
		SolutionGuid = {C79449F4-5EE5-4D86-95D3-784B4A0E929E}
	EndGlobalSection
EndGlobal
