
Microsoft Visual Studio Solution File, Format Version 12.00
# Visual Studio Version 17
VisualStudioVersion = 17.2.32630.192
MinimumVisualStudioVersion = 10.0.40219.1
Project("{9A19103F-16F7-4668-BE54-9A1E7A4F7556}") = "project", "ConsoleApp2\project.csproj", "{D1A30A63-D2A2-491F-A67F-4072EFE762F7}"
EndProject
Global
	GlobalSection(SolutionConfigurationPlatforms) = preSolution
		Debug|Any CPU = Debug|Any CPU
		Release|Any CPU = Release|Any CPU
	EndGlobalSection
	GlobalSection(ProjectConfigurationPlatforms) = postSolution
		{D1A30A63-D2A2-491F-A67F-4072EFE762F7}.Debug|Any CPU.ActiveCfg = Debug|Any CPU
		{D1A30A63-D2A2-491F-A67F-4072EFE762F7}.Debug|Any CPU.Build.0 = Debug|Any CPU
		{D1A30A63-D2A2-491F-A67F-4072EFE762F7}.Release|Any CPU.ActiveCfg = Release|Any CPU
		{D1A30A63-D2A2-491F-A67F-4072EFE762F7}.Release|Any CPU.Build.0 = Release|Any CPU
	EndGlobalSection
	GlobalSection(SolutionProperties) = preSolution
		HideSolutionNode = FALSE
	EndGlobalSection
	GlobalSection(ExtensibilityGlobals) = postSolution
		SolutionGuid = {D8F46428-A2D5-4DCD-BFD4-BCAEA21A345E}
	EndGlobalSection
EndGlobal
